
Microsoft Visual Studio Solution File, Format Version 12.00
# Visual Studio Version 17
VisualStudioVersion = 17.4.33213.308
MinimumVisualStudioVersion = 10.0.40219.1
Project("{FAE04EC0-301F-11D3-BF4B-00C04F79EFBC}") = "ApiToken", "ApiToken\ApiToken.csproj", "{B48809D9-98F1-43BF-AFC2-ED455AC1ACFF}"
EndProject
Project("{FAE04EC0-301F-11D3-BF4B-00C04F79EFBC}") = "DataAcces", "DataAcces\DataAcces.csproj", "{AF87C64D-0BAC-4836-8D37-67757D883B56}"
EndProject
Global
	GlobalSection(SolutionConfigurationPlatforms) = preSolution
		Debug|Any CPU = Debug|Any CPU
		Release|Any CPU = Release|Any CPU
	EndGlobalSection
	GlobalSection(ProjectConfigurationPlatforms) = postSolution
		{B48809D9-98F1-43BF-AFC2-ED455AC1ACFF}.Debug|Any CPU.ActiveCfg = Debug|Any CPU
		{B48809D9-98F1-43BF-AFC2-ED455AC1ACFF}.Debug|Any CPU.Build.0 = Debug|Any CPU
		{B48809D9-98F1-43BF-AFC2-ED455AC1ACFF}.Release|Any CPU.ActiveCfg = Release|Any CPU
		{B48809D9-98F1-43BF-AFC2-ED455AC1ACFF}.Release|Any CPU.Build.0 = Release|Any CPU
		{AF87C64D-0BAC-4836-8D37-67757D883B56}.Debug|Any CPU.ActiveCfg = Debug|Any CPU
		{AF87C64D-0BAC-4836-8D37-67757D883B56}.Debug|Any CPU.Build.0 = Debug|Any CPU
		{AF87C64D-0BAC-4836-8D37-67757D883B56}.Release|Any CPU.ActiveCfg = Release|Any CPU
		{AF87C64D-0BAC-4836-8D37-67757D883B56}.Release|Any CPU.Build.0 = Release|Any CPU
	EndGlobalSection
	GlobalSection(SolutionProperties) = preSolution
		HideSolutionNode = FALSE
	EndGlobalSection
	GlobalSection(ExtensibilityGlobals) = postSolution
		SolutionGuid = {DB2987CC-8EFE-4E8B-87FF-DE63DAF13B81}
	EndGlobalSection
EndGlobal
